// !$*UTF8*$!
{
	archiveVersion = 1;
	classes = {
	};
	objectVersion = 51;
	objects = {

/* Begin PBXBuildFile section */
		2463A6114EC8E76D90277889 /* Pods_RouteThis.framework in Frameworks */ = {isa = PBXBuildFile; fileRef = D2DF59AEFEBA802614070E75 /* Pods_RouteThis.framework */; };
		F310AFD62583018B00B1B8FC /* AppDelegate.swift in Sources */ = {isa = PBXBuildFile; fileRef = F310AFD52583018B00B1B8FC /* AppDelegate.swift */; };
		F310AFD82583018B00B1B8FC /* SceneDelegate.swift in Sources */ = {isa = PBXBuildFile; fileRef = F310AFD72583018B00B1B8FC /* SceneDelegate.swift */; };
		F310AFDA2583018B00B1B8FC /* ViewController.swift in Sources */ = {isa = PBXBuildFile; fileRef = F310AFD92583018B00B1B8FC /* ViewController.swift */; };
		F310AFDD2583018B00B1B8FC /* Main.storyboard in Resources */ = {isa = PBXBuildFile; fileRef = F310AFDB2583018B00B1B8FC /* Main.storyboard */; };
		F310AFDF2583019000B1B8FC /* Assets.xcassets in Resources */ = {isa = PBXBuildFile; fileRef = F310AFDE2583019000B1B8FC /* Assets.xcassets */; };
		F310AFE22583019000B1B8FC /* LaunchScreen.storyboard in Resources */ = {isa = PBXBuildFile; fileRef = F310AFE02583019000B1B8FC /* LaunchScreen.storyboard */; };
		F32B0FBE258AEC1F00086866 /* StarsOverlay.swift in Sources */ = {isa = PBXBuildFile; fileRef = F32B0FBD258AEC1F00086866 /* StarsOverlay.swift */; };
		F3613A3E258BEEAA00D4C908 /* Constants.swift in Sources */ = {isa = PBXBuildFile; fileRef = F3613A3D258BEEAA00D4C908 /* Constants.swift */; };
		F3613A47258C594400D4C908 /* AnimationExtensions.swift in Sources */ = {isa = PBXBuildFile; fileRef = F3613A46258C594400D4C908 /* AnimationExtensions.swift */; };
		F36EB6102587409D00334D17 /* CustomView.swift in Sources */ = {isa = PBXBuildFile; fileRef = F36EB60D2587409D00334D17 /* CustomView.swift */; };
		F36EB6112587409D00334D17 /* CustomButton.swift in Sources */ = {isa = PBXBuildFile; fileRef = F36EB60E2587409D00334D17 /* CustomButton.swift */; };
		F3871C202589A40B000DA809 /* LabelCustomAnimation.swift in Sources */ = {isa = PBXBuildFile; fileRef = F3871C1F2589A40A000DA809 /* LabelCustomAnimation.swift */; };
/* End PBXBuildFile section */

/* Begin PBXFileReference section */
		2663026579B5EE95AA31B734 /* Pods-RouteThis.debug.xcconfig */ = {isa = PBXFileReference; includeInIndex = 1; lastKnownFileType = text.xcconfig; name = "Pods-RouteThis.debug.xcconfig"; path = "Target Support Files/Pods-RouteThis/Pods-RouteThis.debug.xcconfig"; sourceTree = "<group>"; };
		A94F1B7974C11D0AA0FFCB38 /* Pods-RouteThis.release.xcconfig */ = {isa = PBXFileReference; includeInIndex = 1; lastKnownFileType = text.xcconfig; name = "Pods-RouteThis.release.xcconfig"; path = "Target Support Files/Pods-RouteThis/Pods-RouteThis.release.xcconfig"; sourceTree = "<group>"; };
		D2DF59AEFEBA802614070E75 /* Pods_RouteThis.framework */ = {isa = PBXFileReference; explicitFileType = wrapper.framework; includeInIndex = 0; path = Pods_RouteThis.framework; sourceTree = BUILT_PRODUCTS_DIR; };
		F310AFD22583018B00B1B8FC /* RouteThis.app */ = {isa = PBXFileReference; explicitFileType = wrapper.application; includeInIndex = 0; path = RouteThis.app; sourceTree = BUILT_PRODUCTS_DIR; };
		F310AFD52583018B00B1B8FC /* AppDelegate.swift */ = {isa = PBXFileReference; lastKnownFileType = sourcecode.swift; path = AppDelegate.swift; sourceTree = "<group>"; };
		F310AFD72583018B00B1B8FC /* SceneDelegate.swift */ = {isa = PBXFileReference; lastKnownFileType = sourcecode.swift; path = SceneDelegate.swift; sourceTree = "<group>"; };
		F310AFD92583018B00B1B8FC /* ViewController.swift */ = {isa = PBXFileReference; lastKnownFileType = sourcecode.swift; path = ViewController.swift; sourceTree = "<group>"; };
		F310AFDC2583018B00B1B8FC /* Base */ = {isa = PBXFileReference; lastKnownFileType = file.storyboard; name = Base; path = Base.lproj/Main.storyboard; sourceTree = "<group>"; };
		F310AFDE2583019000B1B8FC /* Assets.xcassets */ = {isa = PBXFileReference; lastKnownFileType = folder.assetcatalog; path = Assets.xcassets; sourceTree = "<group>"; };
		F310AFE12583019000B1B8FC /* Base */ = {isa = PBXFileReference; lastKnownFileType = file.storyboard; name = Base; path = Base.lproj/LaunchScreen.storyboard; sourceTree = "<group>"; };
		F310AFE32583019000B1B8FC /* Info.plist */ = {isa = PBXFileReference; lastKnownFileType = text.plist.xml; path = Info.plist; sourceTree = "<group>"; };
		F32B0FBD258AEC1F00086866 /* StarsOverlay.swift */ = {isa = PBXFileReference; fileEncoding = 4; lastKnownFileType = sourcecode.swift; path = StarsOverlay.swift; sourceTree = "<group>"; };
		F3613A3D258BEEAA00D4C908 /* Constants.swift */ = {isa = PBXFileReference; fileEncoding = 4; lastKnownFileType = sourcecode.swift; path = Constants.swift; sourceTree = "<group>"; };
		F3613A46258C594400D4C908 /* AnimationExtensions.swift */ = {isa = PBXFileReference; lastKnownFileType = sourcecode.swift; path = AnimationExtensions.swift; sourceTree = "<group>"; };
		F36EB60D2587409D00334D17 /* CustomView.swift */ = {isa = PBXFileReference; fileEncoding = 4; lastKnownFileType = sourcecode.swift; path = CustomView.swift; sourceTree = "<group>"; };
		F36EB60E2587409D00334D17 /* CustomButton.swift */ = {isa = PBXFileReference; fileEncoding = 4; lastKnownFileType = sourcecode.swift; path = CustomButton.swift; sourceTree = "<group>"; };
		F3871C1F2589A40A000DA809 /* LabelCustomAnimation.swift */ = {isa = PBXFileReference; lastKnownFileType = sourcecode.swift; path = LabelCustomAnimation.swift; sourceTree = "<group>"; };
/* End PBXFileReference section */

/* Begin PBXFrameworksBuildPhase section */
		F310AFCF2583018B00B1B8FC /* Frameworks */ = {
			isa = PBXFrameworksBuildPhase;
			buildActionMask = 2147483647;
			files = (
				2463A6114EC8E76D90277889 /* Pods_RouteThis.framework in Frameworks */,
			);
			runOnlyForDeploymentPostprocessing = 0;
		};
/* End PBXFrameworksBuildPhase section */

/* Begin PBXGroup section */
		276385FFB519E12F3EABB008 /* Pods */ = {
			isa = PBXGroup;
			children = (
				2663026579B5EE95AA31B734 /* Pods-RouteThis.debug.xcconfig */,
				A94F1B7974C11D0AA0FFCB38 /* Pods-RouteThis.release.xcconfig */,
			);
			path = Pods;
			sourceTree = "<group>";
		};
		C97E87A40DEEA45A889989F8 /* Frameworks */ = {
			isa = PBXGroup;
			children = (
				D2DF59AEFEBA802614070E75 /* Pods_RouteThis.framework */,
			);
			name = Frameworks;
			sourceTree = "<group>";
		};
		F310AFC92583018B00B1B8FC = {
			isa = PBXGroup;
			children = (
				F310AFD42583018B00B1B8FC /* RouteThis */,
				F310AFD32583018B00B1B8FC /* Products */,
				276385FFB519E12F3EABB008 /* Pods */,
				C97E87A40DEEA45A889989F8 /* Frameworks */,
			);
			sourceTree = "<group>";
		};
		F310AFD32583018B00B1B8FC /* Products */ = {
			isa = PBXGroup;
			children = (
				F310AFD22583018B00B1B8FC /* RouteThis.app */,
			);
			name = Products;
			sourceTree = "<group>";
		};
		F310AFD42583018B00B1B8FC /* RouteThis */ = {
			isa = PBXGroup;
			children = (
				F310AFD52583018B00B1B8FC /* AppDelegate.swift */,
				F310AFD72583018B00B1B8FC /* SceneDelegate.swift */,
				F37FEE66258B0FF500693EE1 /* Views */,
				F310AFDE2583019000B1B8FC /* Assets.xcassets */,
				F310AFE02583019000B1B8FC /* LaunchScreen.storyboard */,
				F310AFE32583019000B1B8FC /* Info.plist */,
				F3613A40258BEEC700D4C908 /* Constants */,
				F37FEE64258B0FDC00693EE1 /* StarsAnimation */,
				F36EB60C2587409D00334D17 /* SupportingClasses */,
			);
			path = RouteThis;
			sourceTree = "<group>";
		};
		F3613A40258BEEC700D4C908 /* Constants */ = {
			isa = PBXGroup;
			children = (
				F3613A3D258BEEAA00D4C908 /* Constants.swift */,
			);
			path = Constants;
			sourceTree = "<group>";
		};
		F36EB60C2587409D00334D17 /* SupportingClasses */ = {
			isa = PBXGroup;
			children = (
				F36EB60D2587409D00334D17 /* CustomView.swift */,
				F36EB60E2587409D00334D17 /* CustomButton.swift */,
				F3871C1F2589A40A000DA809 /* LabelCustomAnimation.swift */,
				F3613A46258C594400D4C908 /* AnimationExtensions.swift */,
			);
			path = SupportingClasses;
			sourceTree = "<group>";
		};
		F37FEE64258B0FDC00693EE1 /* StarsAnimation */ = {
			isa = PBXGroup;
			children = (
				F32B0FBD258AEC1F00086866 /* StarsOverlay.swift */,
			);
			path = StarsAnimation;
			sourceTree = "<group>";
		};
		F37FEE66258B0FF500693EE1 /* Views */ = {
			isa = PBXGroup;
			children = (
				F310AFD92583018B00B1B8FC /* ViewController.swift */,
				F310AFDB2583018B00B1B8FC /* Main.storyboard */,
			);
			path = Views;
			sourceTree = "<group>";
		};
/* End PBXGroup section */

/* Begin PBXNativeTarget section */
		F310AFD12583018B00B1B8FC /* RouteThis */ = {
			isa = PBXNativeTarget;
			buildConfigurationList = F310AFE62583019000B1B8FC /* Build configuration list for PBXNativeTarget "RouteThis" */;
			buildPhases = (
				8896A1CB715FF17E3B8FAA80 /* [CP] Check Pods Manifest.lock */,
				F310AFCE2583018B00B1B8FC /* Sources */,
				F310AFCF2583018B00B1B8FC /* Frameworks */,
				F310AFD02583018B00B1B8FC /* Resources */,
				13DC2C5233465E529C983CD1 /* [CP] Embed Pods Frameworks */,
			);
			buildRules = (
			);
			dependencies = (
			);
			name = RouteThis;
			productName = RouteThis;
			productReference = F310AFD22583018B00B1B8FC /* RouteThis.app */;
			productType = "com.apple.product-type.application";
		};
/* End PBXNativeTarget section */

/* Begin PBXProject section */
		F310AFCA2583018B00B1B8FC /* Project object */ = {
			isa = PBXProject;
			attributes = {
				LastSwiftUpdateCheck = 1220;
				LastUpgradeCheck = 1220;
				TargetAttributes = {
					F310AFD12583018B00B1B8FC = {
						CreatedOnToolsVersion = 12.2;
					};
				};
			};
			buildConfigurationList = F310AFCD2583018B00B1B8FC /* Build configuration list for PBXProject "RouteThis" */;
			compatibilityVersion = "Xcode 9.3";
			developmentRegion = en;
			hasScannedForEncodings = 0;
			knownRegions = (
				en,
				Base,
			);
			mainGroup = F310AFC92583018B00B1B8FC;
			productRefGroup = F310AFD32583018B00B1B8FC /* Products */;
			projectDirPath = "";
			projectRoot = "";
			targets = (
				F310AFD12583018B00B1B8FC /* RouteThis */,
			);
		};
/* End PBXProject section */

/* Begin PBXResourcesBuildPhase section */
		F310AFD02583018B00B1B8FC /* Resources */ = {
			isa = PBXResourcesBuildPhase;
			buildActionMask = 2147483647;
			files = (
				F310AFE22583019000B1B8FC /* LaunchScreen.storyboard in Resources */,
				F310AFDF2583019000B1B8FC /* Assets.xcassets in Resources */,
				F310AFDD2583018B00B1B8FC /* Main.storyboard in Resources */,
			);
			runOnlyForDeploymentPostprocessing = 0;
		};
/* End PBXResourcesBuildPhase section */

/* Begin PBXShellScriptBuildPhase section */
		13DC2C5233465E529C983CD1 /* [CP] Embed Pods Frameworks */ = {
			isa = PBXShellScriptBuildPhase;
			buildActionMask = 2147483647;
			files = (
			);
			inputFileListPaths = (
				"${PODS_ROOT}/Target Support Files/Pods-RouteThis/Pods-RouteThis-frameworks-${CONFIGURATION}-input-files.xcfilelist",
			);
			name = "[CP] Embed Pods Frameworks";
			outputFileListPaths = (
				"${PODS_ROOT}/Target Support Files/Pods-RouteThis/Pods-RouteThis-frameworks-${CONFIGURATION}-output-files.xcfilelist",
			);
			runOnlyForDeploymentPostprocessing = 0;
			shellPath = /bin/sh;
			shellScript = "\"${PODS_ROOT}/Target Support Files/Pods-RouteThis/Pods-RouteThis-frameworks.sh\"\n";
			showEnvVarsInLog = 0;
		};
		8896A1CB715FF17E3B8FAA80 /* [CP] Check Pods Manifest.lock */ = {
			isa = PBXShellScriptBuildPhase;
			buildActionMask = 2147483647;
			files = (
			);
			inputFileListPaths = (
			);
			inputPaths = (
				"${PODS_PODFILE_DIR_PATH}/Podfile.lock",
				"${PODS_ROOT}/Manifest.lock",
			);
			name = "[CP] Check Pods Manifest.lock";
			outputFileListPaths = (
			);
			outputPaths = (
				"$(DERIVED_FILE_DIR)/Pods-RouteThis-checkManifestLockResult.txt",
			);
			runOnlyForDeploymentPostprocessing = 0;
			shellPath = /bin/sh;
			shellScript = "diff \"${PODS_PODFILE_DIR_PATH}/Podfile.lock\" \"${PODS_ROOT}/Manifest.lock\" > /dev/null\nif [ $? != 0 ] ; then\n    # print error to STDERR\n    echo \"error: The sandbox is not in sync with the Podfile.lock. Run 'pod install' or update your CocoaPods installation.\" >&2\n    exit 1\nfi\n# This output is used by Xcode 'outputs' to avoid re-running this script phase.\necho \"SUCCESS\" > \"${SCRIPT_OUTPUT_FILE_0}\"\n";
			showEnvVarsInLog = 0;
		};
/* End PBXShellScriptBuildPhase section */

/* Begin PBXSourcesBuildPhase section */
		F310AFCE2583018B00B1B8FC /* Sources */ = {
			isa = PBXSourcesBuildPhase;
			buildActionMask = 2147483647;
			files = (
				F310AFDA2583018B00B1B8FC /* ViewController.swift in Sources */,
				F36EB6102587409D00334D17 /* CustomView.swift in Sources */,
				F3871C202589A40B000DA809 /* LabelCustomAnimation.swift in Sources */,
				F32B0FBE258AEC1F00086866 /* StarsOverlay.swift in Sources */,
				F36EB6112587409D00334D17 /* CustomButton.swift in Sources */,
				F310AFD62583018B00B1B8FC /* AppDelegate.swift in Sources */,
				F310AFD82583018B00B1B8FC /* SceneDelegate.swift in Sources */,
				F3613A47258C594400D4C908 /* AnimationExtensions.swift in Sources */,
				F3613A3E258BEEAA00D4C908 /* Constants.swift in Sources */,
			);
			runOnlyForDeploymentPostprocessing = 0;
		};
/* End PBXSourcesBuildPhase section */

/* Begin PBXVariantGroup section */
		F310AFDB2583018B00B1B8FC /* Main.storyboard */ = {
			isa = PBXVariantGroup;
			children = (
				F310AFDC2583018B00B1B8FC /* Base */,
			);
			name = Main.storyboard;
			sourceTree = "<group>";
		};
		F310AFE02583019000B1B8FC /* LaunchScreen.storyboard */ = {
			isa = PBXVariantGroup;
			children = (
				F310AFE12583019000B1B8FC /* Base */,
			);
			name = LaunchScreen.storyboard;
			sourceTree = "<group>";
		};
/* End PBXVariantGroup section */

/* Begin XCBuildConfiguration section */
		F310AFE42583019000B1B8FC /* Debug */ = {
			isa = XCBuildConfiguration;
			buildSettings = {
				ALWAYS_SEARCH_USER_PATHS = NO;
				CLANG_ANALYZER_NONNULL = YES;
				CLANG_ANALYZER_NUMBER_OBJECT_CONVERSION = YES_AGGRESSIVE;
				CLANG_CXX_LANGUAGE_STANDARD = "gnu++14";
				CLANG_CXX_LIBRARY = "libc++";
				CLANG_ENABLE_MODULES = YES;
				CLANG_ENABLE_OBJC_ARC = YES;
				CLANG_ENABLE_OBJC_WEAK = YES;
				CLANG_WARN_BLOCK_CAPTURE_AUTORELEASING = YES;
				CLANG_WARN_BOOL_CONVERSION = YES;
				CLANG_WARN_COMMA = YES;
				CLANG_WARN_CONSTANT_CONVERSION = YES;
				CLANG_WARN_DEPRECATED_OBJC_IMPLEMENTATIONS = YES;
				CLANG_WARN_DIRECT_OBJC_ISA_USAGE = YES_ERROR;
				CLANG_WARN_DOCUMENTATION_COMMENTS = YES;
				CLANG_WARN_EMPTY_BODY = YES;
				CLANG_WARN_ENUM_CONVERSION = YES;
				CLANG_WARN_INFINITE_RECURSION = YES;
				CLANG_WARN_INT_CONVERSION = YES;
				CLANG_WARN_NON_LITERAL_NULL_CONVERSION = YES;
				CLANG_WARN_OBJC_IMPLICIT_RETAIN_SELF = YES;
				CLANG_WARN_OBJC_LITERAL_CONVERSION = YES;
				CLANG_WARN_OBJC_ROOT_CLASS = YES_ERROR;
				CLANG_WARN_QUOTED_INCLUDE_IN_FRAMEWORK_HEADER = YES;
				CLANG_WARN_RANGE_LOOP_ANALYSIS = YES;
				CLANG_WARN_STRICT_PROTOTYPES = YES;
				CLANG_WARN_SUSPICIOUS_MOVE = YES;
				CLANG_WARN_UNGUARDED_AVAILABILITY = YES_AGGRESSIVE;
				CLANG_WARN_UNREACHABLE_CODE = YES;
				CLANG_WARN__DUPLICATE_METHOD_MATCH = YES;
				COPY_PHASE_STRIP = NO;
				DEBUG_INFORMATION_FORMAT = dwarf;
				ENABLE_STRICT_OBJC_MSGSEND = YES;
				ENABLE_TESTABILITY = YES;
				GCC_C_LANGUAGE_STANDARD = gnu11;
				GCC_DYNAMIC_NO_PIC = NO;
				GCC_NO_COMMON_BLOCKS = YES;
				GCC_OPTIMIZATION_LEVEL = 0;
				GCC_PREPROCESSOR_DEFINITIONS = (
					"DEBUG=1",
					"$(inherited)",
				);
				GCC_WARN_64_TO_32_BIT_CONVERSION = YES;
				GCC_WARN_ABOUT_RETURN_TYPE = YES_ERROR;
				GCC_WARN_UNDECLARED_SELECTOR = YES;
				GCC_WARN_UNINITIALIZED_AUTOS = YES_AGGRESSIVE;
				GCC_WARN_UNUSED_FUNCTION = YES;
				GCC_WARN_UNUSED_VARIABLE = YES;
				IPHONEOS_DEPLOYMENT_TARGET = 14.2;
				MTL_ENABLE_DEBUG_INFO = INCLUDE_SOURCE;
				MTL_FAST_MATH = YES;
				ONLY_ACTIVE_ARCH = YES;
				SDKROOT = iphoneos;
				SWIFT_ACTIVE_COMPILATION_CONDITIONS = DEBUG;
				SWIFT_OPTIMIZATION_LEVEL = "-Onone";
			};
			name = Debug;
		};
		F310AFE52583019000B1B8FC /* Release */ = {
			isa = XCBuildConfiguration;
			buildSettings = {
				ALWAYS_SEARCH_USER_PATHS = NO;
				CLANG_ANALYZER_NONNULL = YES;
				CLANG_ANALYZER_NUMBER_OBJECT_CONVERSION = YES_AGGRESSIVE;
				CLANG_CXX_LANGUAGE_STANDARD = "gnu++14";
				CLANG_CXX_LIBRARY = "libc++";
				CLANG_ENABLE_MODULES = YES;
				CLANG_ENABLE_OBJC_ARC = YES;
				CLANG_ENABLE_OBJC_WEAK = YES;
				CLANG_WARN_BLOCK_CAPTURE_AUTORELEASING = YES;
				CLANG_WARN_BOOL_CONVERSION = YES;
				CLANG_WARN_COMMA = YES;
				CLANG_WARN_CONSTANT_CONVERSION = YES;
				CLANG_WARN_DEPRECATED_OBJC_IMPLEMENTATIONS = YES;
				CLANG_WARN_DIRECT_OBJC_ISA_USAGE = YES_ERROR;
				CLANG_WARN_DOCUMENTATION_COMMENTS = YES;
				CLANG_WARN_EMPTY_BODY = YES;
				CLANG_WARN_ENUM_CONVERSION = YES;
				CLANG_WARN_INFINITE_RECURSION = YES;
				CLANG_WARN_INT_CONVERSION = YES;
				CLANG_WARN_NON_LITERAL_NULL_CONVERSION = YES;
				CLANG_WARN_OBJC_IMPLICIT_RETAIN_SELF = YES;
				CLANG_WARN_OBJC_LITERAL_CONVERSION = YES;
				CLANG_WARN_OBJC_ROOT_CLASS = YES_ERROR;
				CLANG_WARN_QUOTED_INCLUDE_IN_FRAMEWORK_HEADER = YES;
				CLANG_WARN_RANGE_LOOP_ANALYSIS = YES;
				CLANG_WARN_STRICT_PROTOTYPES = YES;
				CLANG_WARN_SUSPICIOUS_MOVE = YES;
				CLANG_WARN_UNGUARDED_AVAILABILITY = YES_AGGRESSIVE;
				CLANG_WARN_UNREACHABLE_CODE = YES;
				CLANG_WARN__DUPLICATE_METHOD_MATCH = YES;
				COPY_PHASE_STRIP = NO;
				DEBUG_INFORMATION_FORMAT = "dwarf-with-dsym";
				ENABLE_NS_ASSERTIONS = NO;
				ENABLE_STRICT_OBJC_MSGSEND = YES;
				GCC_C_LANGUAGE_STANDARD = gnu11;
				GCC_NO_COMMON_BLOCKS = YES;
				GCC_WARN_64_TO_32_BIT_CONVERSION = YES;
				GCC_WARN_ABOUT_RETURN_TYPE = YES_ERROR;
				GCC_WARN_UNDECLARED_SELECTOR = YES;
				GCC_WARN_UNINITIALIZED_AUTOS = YES_AGGRESSIVE;
				GCC_WARN_UNUSED_FUNCTION = YES;
				GCC_WARN_UNUSED_VARIABLE = YES;
				IPHONEOS_DEPLOYMENT_TARGET = 14.2;
				MTL_ENABLE_DEBUG_INFO = NO;
				MTL_FAST_MATH = YES;
				SDKROOT = iphoneos;
				SWIFT_COMPILATION_MODE = wholemodule;
				SWIFT_OPTIMIZATION_LEVEL = "-O";
				VALIDATE_PRODUCT = YES;
			};
			name = Release;
		};
		F310AFE72583019000B1B8FC /* Debug */ = {
			isa = XCBuildConfiguration;
			baseConfigurationReference = 2663026579B5EE95AA31B734 /* Pods-RouteThis.debug.xcconfig */;
			buildSettings = {
				ASSETCATALOG_COMPILER_APPICON_NAME = AppIcon;
				ASSETCATALOG_COMPILER_GLOBAL_ACCENT_COLOR_NAME = AccentColor;
				CODE_SIGN_STYLE = Automatic;
				DEVELOPMENT_TEAM = 65QC2A2R5W;
				INFOPLIST_FILE = RouteThis/Info.plist;
				LD_RUNPATH_SEARCH_PATHS = (
					"$(inherited)",
					"@executable_path/Frameworks",
				);
				PRODUCT_BUNDLE_IDENTIFIER = "com.wildcard.-.RouteThis";
				PRODUCT_NAME = "$(TARGET_NAME)";
				SWIFT_VERSION = 5.0;
				TARGETED_DEVICE_FAMILY = 1;
			};
			name = Debug;
		};
		F310AFE82583019000B1B8FC /* Release */ = {
			isa = XCBuildConfiguration;
			baseConfigurationReference = A94F1B7974C11D0AA0FFCB38 /* Pods-RouteThis.release.xcconfig */;
			buildSettings = {
				ASSETCATALOG_COMPILER_APPICON_NAME = AppIcon;
				ASSETCATALOG_COMPILER_GLOBAL_ACCENT_COLOR_NAME = AccentColor;
				CODE_SIGN_STYLE = Automatic;
				DEVELOPMENT_TEAM = 65QC2A2R5W;
				INFOPLIST_FILE = RouteThis/Info.plist;
				LD_RUNPATH_SEARCH_PATHS = (
					"$(inherited)",
					"@executable_path/Frameworks",
				);
				PRODUCT_BUNDLE_IDENTIFIER = "com.wildcard.-.RouteThis";
				PRODUCT_NAME = "$(TARGET_NAME)";
				SWIFT_VERSION = 5.0;
				TARGETED_DEVICE_FAMILY = 1;
			};
			name = Release;
		};
/* End XCBuildConfiguration section */

/* Begin XCConfigurationList section */
		F310AFCD2583018B00B1B8FC /* Build configuration list for PBXProject "RouteThis" */ = {
			isa = XCConfigurationList;
			buildConfigurations = (
				F310AFE42583019000B1B8FC /* Debug */,
				F310AFE52583019000B1B8FC /* Release */,
			);
			defaultConfigurationIsVisible = 0;
			defaultConfigurationName = Release;
		};
		F310AFE62583019000B1B8FC /* Build configuration list for PBXNativeTarget "RouteThis" */ = {
			isa = XCConfigurationList;
			buildConfigurations = (
				F310AFE72583019000B1B8FC /* Debug */,
				F310AFE82583019000B1B8FC /* Release */,
			);
			defaultConfigurationIsVisible = 0;
			defaultConfigurationName = Release;
		};
/* End XCConfigurationList section */
	};
	rootObject = F310AFCA2583018B00B1B8FC /* Project object */;
}
